
Microsoft Visual Studio Solution File, Format Version 12.00
# Visual Studio Version 17
VisualStudioVersion = 17.10.35004.147
MinimumVisualStudioVersion = 10.0.40219.1
Project("{FAE04EC0-301F-11D3-BF4B-00C04F79EFBC}") = "KeyLockCheckApp", "KeyLockCheckApp.csproj", "{8856D578-8B75-4F03-974A-7E04C4EB2DC8}"
EndProject
Global
	GlobalSection(SolutionConfigurationPlatforms) = preSolution
		Debug|Any CPU = Debug|Any CPU
		Debug|x64 = Debug|x64
		Release|Any CPU = Release|Any CPU
		Release|x64 = Release|x64
	EndGlobalSection
	GlobalSection(ProjectConfigurationPlatforms) = postSolution
		{8856D578-8B75-4F03-974A-7E04C4EB2DC8}.Debug|Any CPU.ActiveCfg = Debug|Any CPU
		{8856D578-8B75-4F03-974A-7E04C4EB2DC8}.Debug|Any CPU.Build.0 = Debug|Any CPU
		{8856D578-8B75-4F03-974A-7E04C4EB2DC8}.Debug|x64.ActiveCfg = Debug|x64
		{8856D578-8B75-4F03-974A-7E04C4EB2DC8}.Debug|x64.Build.0 = Debug|x64
		{8856D578-8B75-4F03-974A-7E04C4EB2DC8}.Release|Any CPU.ActiveCfg = Release|Any CPU
		{8856D578-8B75-4F03-974A-7E04C4EB2DC8}.Release|Any CPU.Build.0 = Release|Any CPU
		{8856D578-8B75-4F03-974A-7E04C4EB2DC8}.Release|x64.ActiveCfg = Release|x64
		{8856D578-8B75-4F03-974A-7E04C4EB2DC8}.Release|x64.Build.0 = Release|x64
	EndGlobalSection
	GlobalSection(SolutionProperties) = preSolution
		HideSolutionNode = FALSE
	EndGlobalSection
	GlobalSection(ExtensibilityGlobals) = postSolution
		SolutionGuid = {234C162E-D6BE-4CA8-AB8E-801974126A66}
	EndGlobalSection
EndGlobal
